<?xml version="1.0" encoding="utf-8"?>
<Project ToolsVersion="4.0" xmlns="http://schemas.microsoft.com/developer/msbuild/2003">
  <ItemGroup>
    <Filter Include="Source Files">
      <UniqueIdentifier>{4FC737F1-C7A5-4376-A066-2A32D752A2FF}</UniqueIdentifier>
      <Extensions>cpp;c;cc;cxx;c++;cppm;ixx;def;odl;idl;hpj;bat;asm;asmx</Extensions>
    </Filter>
    <Filter Include="Header Files">
      <UniqueIdentifier>{93995380-89BD-4b04-88EB-625FBE52EBFB}</UniqueIdentifier>
      <Extensions>h;hh;hpp;hxx;h++;hm;inl;inc;ipp;xsd</Extensions>
    </Filter>
    <Filter Include="Resource Files">
      <UniqueIdentifier>{67DA6AB6-F800-4c08-8B7A-83BB121AAD01}</UniqueIdentifier>
      <Extensions>rc;ico;cur;bmp;dlg;rc2;rct;bin;rgs;gif;jpg;jpeg;jpe;resx;tiff;tif;png;wav;mfcribbon-ms</Extensions>
    </Filter>
    <Filter Include="Framework">
      <UniqueIdentifier>{814fb4d9-9871-4c38-8c3d-bc6989cc7d67}</UniqueIdentifier>
    </Filter>
    <Filter Include="Kernels">
      <UniqueIdentifier>{458274ba-41bb-4927-8056-514ae0a676e0}</UniqueIdentifier>
    </Filter>
  </ItemGroup>
  <ItemGroup>
    <ClCompile Include="program.cpp">
      <Filter>Source Files</Filter>
    </ClCompile>
    <ClCompile Include="MatAddOperation.cpp">
      <Filter>Source Files</Filter>
    </ClCompile>
    <ClCompile Include="DotProductOperation.cpp">
      <Filter>Source Files</Filter>
    </ClCompile>
    <ClCompile Include="DgemvOperation.cpp">
      <Filter>Source Files</Filter>
    </ClCompile>
    <ClCompile Include="DotProductCuda.cpp">
      <Filter>Source Files</Filter>
    </ClCompile>
    <ClCompile Include="MatAddCuda.cpp">
      <Filter>Source Files</Filter>
    </ClCompile>
    <ClCompile Include="DgemvCuda.cpp">
      <Filter>Source Files</Filter>
    </ClCompile>
    <ClCompile Include="MatAddOpenCL.cpp">
      <Filter>Source Files</Filter>
    </ClCompile>
    <ClCompile Include="DgemvOpenCL.cpp">
      <Filter>Source Files</Filter>
    </ClCompile>
    <ClCompile Include="DotProductOpenCL.cpp">
      <Filter>Source Files</Filter>
    </ClCompile>
    <ClCompile Include="OpenCLModule.cpp">
      <Filter>Framework</Filter>
    </ClCompile>
    <ClCompile Include="CudaModule.cpp">
      <Filter>Framework</Filter>
    </ClCompile>
    <ClCompile Include="cuda_util.cpp">
      <Filter>Framework</Filter>
    </ClCompile>
    <ClCompile Include="ocl_util.cpp">
      <Filter>Framework</Filter>
    </ClCompile>
    <ClCompile Include="util.cpp">
      <Filter>Framework</Filter>
    </ClCompile>
    <ClCompile Include="GemmOperation.cpp">
      <Filter>Source Files</Filter>
    </ClCompile>
    <ClCompile Include="GemmOpenCL.cpp">
      <Filter>Source Files</Filter>
    </ClCompile>
    <ClCompile Include="GemmCuda.cpp">
      <Filter>Source Files</Filter>
    </ClCompile>
    <ClCompile Include="TransposeOperation.cpp">
      <Filter>Source Files</Filter>
    </ClCompile>
    <ClCompile Include="TransposeCuda.cpp">
      <Filter>Source Files</Filter>
    </ClCompile>
    <ClCompile Include="TransposeOpenCL.cpp">
      <Filter>Source Files</Filter>
    </ClCompile>
  </ItemGroup>
  <ItemGroup>
    <ClInclude Include="MatAddOperation.h">
      <Filter>Header Files</Filter>
    </ClInclude>
    <ClInclude Include="DotProductOperation.h">
      <Filter>Header Files</Filter>
    </ClInclude>
    <ClInclude Include="DgemvOperation.h">
      <Filter>Header Files</Filter>
    </ClInclude>
    <ClInclude Include="DotProductCuda.h">
      <Filter>Header Files</Filter>
    </ClInclude>
    <ClInclude Include="MatAddCuda.h">
      <Filter>Header Files</Filter>
    </ClInclude>
    <ClInclude Include="DgemvCuda.h">
      <Filter>Header Files</Filter>
    </ClInclude>
    <ClInclude Include="DgemvOpenCL.h">
      <Filter>Header Files</Filter>
    </ClInclude>
    <ClInclude Include="DotProductOpenCL.h">
      <Filter>Header Files</Filter>
    </ClInclude>
    <ClInclude Include="CudaModule.h">
      <Filter>Framework</Filter>
    </ClInclude>
    <ClInclude Include="cuda_util.h">
      <Filter>Framework</Filter>
    </ClInclude>
    <ClInclude Include="OpenCLModule.h">
      <Filter>Framework</Filter>
    </ClInclude>
    <ClInclude Include="ocl_util.h">
      <Filter>Framework</Filter>
    </ClInclude>
    <ClInclude Include="util.h">
      <Filter>Framework</Filter>
    </ClInclude>
    <ClInclude Include="HpcOperation.h">
      <Filter>Framework</Filter>
    </ClInclude>
    <ClInclude Include="GemmOperation.h">
      <Filter>Header Files</Filter>
    </ClInclude>
    <ClInclude Include="GemmOpenCL.h">
      <Filter>Header Files</Filter>
    </ClInclude>
    <ClInclude Include="GemmCuda.h">
      <Filter>Header Files</Filter>
    </ClInclude>
    <ClInclude Include="TransposeOperation.h">
      <Filter>Header Files</Filter>
    </ClInclude>
    <ClInclude Include="TransposeCuda.h">
      <Filter>Header Files</Filter>
    </ClInclude>
    <ClInclude Include="TransposeOpenCL.h">
      <Filter>Header Files</Filter>
    </ClInclude>
  </ItemGroup>
  <ItemGroup>
    <CopyFileToFolders Include="dgemv.cl">
      <Filter>Kernels</Filter>
    </CopyFileToFolders>
    <CopyFileToFolders Include="dgemv.cu">
      <Filter>Kernels</Filter>
    </CopyFileToFolders>
    <CopyFileToFolders Include="dotProduct.cl">
      <Filter>Kernels</Filter>
    </CopyFileToFolders>
    <CopyFileToFolders Include="dotProduct.cu">
      <Filter>Kernels</Filter>
    </CopyFileToFolders>
    <CopyFileToFolders Include="matAdd.cl">
      <Filter>Kernels</Filter>
    </CopyFileToFolders>
    <CopyFileToFolders Include="matAdd.cu">
      <Filter>Kernels</Filter>
    </CopyFileToFolders>
    <CopyFileToFolders Include="blur.cu">
      <Filter>Kernels</Filter>
    </CopyFileToFolders>
    <CopyFileToFolders Include="gemm.cl">
      <Filter>Kernels</Filter>
    </CopyFileToFolders>
    <CopyFileToFolders Include="transpose.cu">
      <Filter>Kernels</Filter>
    </CopyFileToFolders>
    <CopyFileToFolders Include="gemm.cu" />
    <CopyFileToFolders Include="transpose.cl">
      <Filter>Kernels</Filter>
    </CopyFileToFolders>
  </ItemGroup>
  <ItemGroup>
    <None Include="MatAddOpenCL.h">
      <Filter>Header Files</Filter>
    </None>
  </ItemGroup>
</Project>